PODS:
  - AFNetworking (3.2.1):
    - AFNetworking/NSURLSession (= 3.2.1)
    - AFNetworking/Reachability (= 3.2.1)
    - AFNetworking/Security (= 3.2.1)
    - AFNetworking/Serialization (= 3.2.1)
    - AFNetworking/UIKit (= 3.2.1)
  - AFNetworking/NSURLSession (3.2.1):
    - AFNetworking/Reachability
    - AFNetworking/Security
    - AFNetworking/Serialization
  - AFNetworking/Reachability (3.2.1)
  - AFNetworking/Security (3.2.1)
  - AFNetworking/Serialization (3.2.1)
  - AFNetworking/UIKit (3.2.1):
    - AFNetworking/NSURLSession
  - AMap3DMap-NO-IDFA (7.1.0):
    - AMapFoundation-NO-IDFA (~> 1.5)
  - AMapFoundation-NO-IDFA (1.6.0)
  - JSONModel (1.8.0)

DEPENDENCIES:
  - AFNetworking (~> 3.2.1)
  - AMap3DMap-NO-IDFA (~> 7.1.0)
  - JSONModel (~> 1.8.0)

SPEC REPOS:
  https://github.com/CocoaPods/Specs.git:
    - AFNetworking
    - AMap3DMap-NO-IDFA
    - AMapFoundation-NO-IDFA
    - JSONModel

SPEC CHECKSUMS:
  AFNetworking: b6f891fdfaed196b46c7a83cf209e09697b94057
  AMap3DMap-NO-IDFA: 93a9dfb7571d33156668a4428141c6aaa80edd80
  AMapFoundation-NO-IDFA: c828f5c0b6181111c9464840872cd53fdbc0db6f
  JSONModel: 02ab723958366a3fd27da57ea2af2113658762e9

PODFILE CHECKSUM: bda6ae2357822a22570e306b034d1936140a4518

COCOAPODS: 1.8.4
