// !$*UTF8*$!
{
	archiveVersion = 1;
	classes = {
	};
	objectVersion = 48;
	objects = {

/* Begin PBXBuildFile section */
		2F34C014B7B31CEF06A2E8A5 /* aqi_map_level_4_30x27_@2x.png in Resources */ = {isa = PBXBuildFile; fileRef = 2F34CE755B8DDD230919FAE0 /* aqi_map_level_4_30x27_@2x.png */; };
		2F34C432BD78D2B0CC7426F7 /* aqi_map_level_6_30x27_@2x.png in Resources */ = {isa = PBXBuildFile; fileRef = 2F34CD1279B72DFC98144033 /* aqi_map_level_6_30x27_@2x.png */; };
		2F34C9D884FE4B4816C8ACE5 /* aqi_map_level_5_30x27_@2x.png in Resources */ = {isa = PBXBuildFile; fileRef = 2F34C74FED3056FD4E5F5EB6 /* aqi_map_level_5_30x27_@2x.png */; };
		2F34CA7A25A9A17249EBB5FD /* aqi_map_level_2_30x27_@2x.png in Resources */ = {isa = PBXBuildFile; fileRef = 2F34CE635A0081712275EBAC /* aqi_map_level_2_30x27_@2x.png */; };
		2F34CAE4C0D98BA4CF439525 /* aqi_map_level_3_30x27_@2x.png in Resources */ = {isa = PBXBuildFile; fileRef = 2F34C1D939BD44E1BC4F7E9E /* aqi_map_level_3_30x27_@2x.png */; };
		2F34CE678056BB03D7C3775F /* aqi_map_level_1_30x27_@2x.png in Resources */ = {isa = PBXBuildFile; fileRef = 2F34CD10B5014076615AB7EC /* aqi_map_level_1_30x27_@2x.png */; };
		3A34B6972070A3D300CC7056 /* AppDelegate.m in Sources */ = {isa = PBXBuildFile; fileRef = 3A34B6962070A3D300CC7056 /* AppDelegate.m */; };
		3A34B69A2070A3D300CC7056 /* ViewController.m in Sources */ = {isa = PBXBuildFile; fileRef = 3A34B6992070A3D300CC7056 /* ViewController.m */; };
		3A34B69D2070A3D300CC7056 /* Main.storyboard in Resources */ = {isa = PBXBuildFile; fileRef = 3A34B69B2070A3D300CC7056 /* Main.storyboard */; };
		3A34B6A02070A3D300CC7056 /* PM25Map.xcdatamodeld in Sources */ = {isa = PBXBuildFile; fileRef = 3A34B69E2070A3D300CC7056 /* PM25Map.xcdatamodeld */; };
		3A34B6A22070A3D300CC7056 /* Assets.xcassets in Resources */ = {isa = PBXBuildFile; fileRef = 3A34B6A12070A3D300CC7056 /* Assets.xcassets */; };
		3A34B6A52070A3D300CC7056 /* LaunchScreen.storyboard in Resources */ = {isa = PBXBuildFile; fileRef = 3A34B6A32070A3D300CC7056 /* LaunchScreen.storyboard */; };
		3A34B6A82070A3D300CC7056 /* main.m in Sources */ = {isa = PBXBuildFile; fileRef = 3A34B6A72070A3D300CC7056 /* main.m */; };
		3AE3BC962070C6E700B19778 /* Pos.m in Sources */ = {isa = PBXBuildFile; fileRef = 3AE3BC8B2070C6E600B19778 /* Pos.m */; };
		3AE3BC972070C6E700B19778 /* Data.m in Sources */ = {isa = PBXBuildFile; fileRef = 3AE3BC8C2070C6E600B19778 /* Data.m */; };
		3AE3BC982070C6E700B19778 /* Monitors.m in Sources */ = {isa = PBXBuildFile; fileRef = 3AE3BC8D2070C6E600B19778 /* Monitors.m */; };
		3AE3BC992070C6E700B19778 /* PM25Module.m in Sources */ = {isa = PBXBuildFile; fileRef = 3AE3BC912070C6E600B19778 /* PM25Module.m */; };
		3AE3BC9A2070C6E700B19778 /* Pm25.m in Sources */ = {isa = PBXBuildFile; fileRef = 3AE3BC932070C6E600B19778 /* Pm25.m */; };
		3AE3BCAA2070E37200B19778 /* PM25MAAnnotationView.m in Sources */ = {isa = PBXBuildFile; fileRef = 3AE3BCA92070E37200B19778 /* PM25MAAnnotationView.m */; };
		3AE3BCAD2070E66300B19778 /* PM25MAPointAnnotation.m in Sources */ = {isa = PBXBuildFile; fileRef = 3AE3BCAC2070E66300B19778 /* PM25MAPointAnnotation.m */; };
		3AE3BCB42071183A00B19778 /* aqi_map_point_level_4_8x8_@2x.png in Resources */ = {isa = PBXBuildFile; fileRef = 3AE3BCAE2071183900B19778 /* aqi_map_point_level_4_8x8_@2x.png */; };
		3AE3BCB52071183A00B19778 /* aqi_map_point_level_3_8x8_@2x.png in Resources */ = {isa = PBXBuildFile; fileRef = 3AE3BCAF2071183A00B19778 /* aqi_map_point_level_3_8x8_@2x.png */; };
		3AE3BCB62071183A00B19778 /* aqi_map_point_level_2_8x8_@2x.png in Resources */ = {isa = PBXBuildFile; fileRef = 3AE3BCB02071183A00B19778 /* aqi_map_point_level_2_8x8_@2x.png */; };
		3AE3BCB72071183A00B19778 /* aqi_map_point_level_5_8x8_@2x.png in Resources */ = {isa = PBXBuildFile; fileRef = 3AE3BCB12071183A00B19778 /* aqi_map_point_level_5_8x8_@2x.png */; };
		3AE3BCB82071183A00B19778 /* aqi_map_point_level_1_8x8_@2x.png in Resources */ = {isa = PBXBuildFile; fileRef = 3AE3BCB22071183A00B19778 /* aqi_map_point_level_1_8x8_@2x.png */; };
		3AE3BCB92071183A00B19778 /* aqi_map_point_level_6_8x8_@2x.png in Resources */ = {isa = PBXBuildFile; fileRef = 3AE3BCB32071183A00B19778 /* aqi_map_point_level_6_8x8_@2x.png */; };
		6D36224412DCED798F7016B5 /* libPods-PM25Map.a in Frameworks */ = {isa = PBXBuildFile; fileRef = BC80B4F52AB378808D74D3A7 /* libPods-PM25Map.a */; };
/* End PBXBuildFile section */

/* Begin PBXFileReference section */
		2F34C1D939BD44E1BC4F7E9E /* aqi_map_level_3_30x27_@2x.png */ = {isa = PBXFileReference; lastKnownFileType = image.png; path = "aqi_map_level_3_30x27_@2x.png"; sourceTree = "<group>"; };
		2F34C74FED3056FD4E5F5EB6 /* aqi_map_level_5_30x27_@2x.png */ = {isa = PBXFileReference; lastKnownFileType = image.png; path = "aqi_map_level_5_30x27_@2x.png"; sourceTree = "<group>"; };
		2F34CD10B5014076615AB7EC /* aqi_map_level_1_30x27_@2x.png */ = {isa = PBXFileReference; lastKnownFileType = image.png; path = "aqi_map_level_1_30x27_@2x.png"; sourceTree = "<group>"; };
		2F34CD1279B72DFC98144033 /* aqi_map_level_6_30x27_@2x.png */ = {isa = PBXFileReference; lastKnownFileType = image.png; path = "aqi_map_level_6_30x27_@2x.png"; sourceTree = "<group>"; };
		2F34CE635A0081712275EBAC /* aqi_map_level_2_30x27_@2x.png */ = {isa = PBXFileReference; lastKnownFileType = image.png; path = "aqi_map_level_2_30x27_@2x.png"; sourceTree = "<group>"; };
		2F34CE755B8DDD230919FAE0 /* aqi_map_level_4_30x27_@2x.png */ = {isa = PBXFileReference; lastKnownFileType = image.png; path = "aqi_map_level_4_30x27_@2x.png"; sourceTree = "<group>"; };
		3A34B6922070A3D300CC7056 /* PM25Map.app */ = {isa = PBXFileReference; explicitFileType = wrapper.application; includeInIndex = 0; path = PM25Map.app; sourceTree = BUILT_PRODUCTS_DIR; };
		3A34B6952070A3D300CC7056 /* AppDelegate.h */ = {isa = PBXFileReference; lastKnownFileType = sourcecode.c.h; path = AppDelegate.h; sourceTree = "<group>"; };
		3A34B6962070A3D300CC7056 /* AppDelegate.m */ = {isa = PBXFileReference; lastKnownFileType = sourcecode.c.objc; path = AppDelegate.m; sourceTree = "<group>"; };
		3A34B6982070A3D300CC7056 /* ViewController.h */ = {isa = PBXFileReference; lastKnownFileType = sourcecode.c.h; path = ViewController.h; sourceTree = "<group>"; };
		3A34B6992070A3D300CC7056 /* ViewController.m */ = {isa = PBXFileReference; lastKnownFileType = sourcecode.c.objc; path = ViewController.m; sourceTree = "<group>"; };
		3A34B69C2070A3D300CC7056 /* Base */ = {isa = PBXFileReference; lastKnownFileType = file.storyboard; name = Base; path = Base.lproj/Main.storyboard; sourceTree = "<group>"; };
		3A34B69F2070A3D300CC7056 /* PM25Map.xcdatamodel */ = {isa = PBXFileReference; lastKnownFileType = wrapper.xcdatamodel; path = PM25Map.xcdatamodel; sourceTree = "<group>"; };
		3A34B6A12070A3D300CC7056 /* Assets.xcassets */ = {isa = PBXFileReference; lastKnownFileType = folder.assetcatalog; path = Assets.xcassets; sourceTree = "<group>"; };
		3A34B6A42070A3D300CC7056 /* Base */ = {isa = PBXFileReference; lastKnownFileType = file.storyboard; name = Base; path = Base.lproj/LaunchScreen.storyboard; sourceTree = "<group>"; };
		3A34B6A62070A3D300CC7056 /* Info.plist */ = {isa = PBXFileReference; lastKnownFileType = text.plist.xml; path = Info.plist; sourceTree = "<group>"; };
		3A34B6A72070A3D300CC7056 /* main.m */ = {isa = PBXFileReference; lastKnownFileType = sourcecode.c.objc; path = main.m; sourceTree = "<group>"; };
		3AE3BC8B2070C6E600B19778 /* Pos.m */ = {isa = PBXFileReference; fileEncoding = 4; lastKnownFileType = sourcecode.c.objc; path = Pos.m; sourceTree = "<group>"; };
		3AE3BC8C2070C6E600B19778 /* Data.m */ = {isa = PBXFileReference; fileEncoding = 4; lastKnownFileType = sourcecode.c.objc; path = Data.m; sourceTree = "<group>"; };
		3AE3BC8D2070C6E600B19778 /* Monitors.m */ = {isa = PBXFileReference; fileEncoding = 4; lastKnownFileType = sourcecode.c.objc; path = Monitors.m; sourceTree = "<group>"; };
		3AE3BC8E2070C6E600B19778 /* Data.h */ = {isa = PBXFileReference; fileEncoding = 4; lastKnownFileType = sourcecode.c.h; path = Data.h; sourceTree = "<group>"; };
		3AE3BC8F2070C6E600B19778 /* PM25Module.h */ = {isa = PBXFileReference; fileEncoding = 4; lastKnownFileType = sourcecode.c.h; path = PM25Module.h; sourceTree = "<group>"; };
		3AE3BC902070C6E600B19778 /* Monitors.h */ = {isa = PBXFileReference; fileEncoding = 4; lastKnownFileType = sourcecode.c.h; path = Monitors.h; sourceTree = "<group>"; };
		3AE3BC912070C6E600B19778 /* PM25Module.m */ = {isa = PBXFileReference; fileEncoding = 4; lastKnownFileType = sourcecode.c.objc; path = PM25Module.m; sourceTree = "<group>"; };
		3AE3BC922070C6E600B19778 /* Pos.h */ = {isa = PBXFileReference; fileEncoding = 4; lastKnownFileType = sourcecode.c.h; path = Pos.h; sourceTree = "<group>"; };
		3AE3BC932070C6E600B19778 /* Pm25.m */ = {isa = PBXFileReference; fileEncoding = 4; lastKnownFileType = sourcecode.c.objc; path = Pm25.m; sourceTree = "<group>"; };
		3AE3BC942070C6E700B19778 /* DataModels.h */ = {isa = PBXFileReference; fileEncoding = 4; lastKnownFileType = sourcecode.c.h; path = DataModels.h; sourceTree = "<group>"; };
		3AE3BC952070C6E700B19778 /* Pm25.h */ = {isa = PBXFileReference; fileEncoding = 4; lastKnownFileType = sourcecode.c.h; path = Pm25.h; sourceTree = "<group>"; };
		3AE3BCA82070E37200B19778 /* PM25MAAnnotationView.h */ = {isa = PBXFileReference; lastKnownFileType = sourcecode.c.h; path = PM25MAAnnotationView.h; sourceTree = "<group>"; };
		3AE3BCA92070E37200B19778 /* PM25MAAnnotationView.m */ = {isa = PBXFileReference; lastKnownFileType = sourcecode.c.objc; path = PM25MAAnnotationView.m; sourceTree = "<group>"; };
		3AE3BCAB2070E66300B19778 /* PM25MAPointAnnotation.h */ = {isa = PBXFileReference; lastKnownFileType = sourcecode.c.h; path = PM25MAPointAnnotation.h; sourceTree = "<group>"; };
		3AE3BCAC2070E66300B19778 /* PM25MAPointAnnotation.m */ = {isa = PBXFileReference; lastKnownFileType = sourcecode.c.objc; path = PM25MAPointAnnotation.m; sourceTree = "<group>"; };
		3AE3BCAE2071183900B19778 /* aqi_map_point_level_4_8x8_@2x.png */ = {isa = PBXFileReference; lastKnownFileType = image.png; path = "aqi_map_point_level_4_8x8_@2x.png"; sourceTree = "<group>"; };
		3AE3BCAF2071183A00B19778 /* aqi_map_point_level_3_8x8_@2x.png */ = {isa = PBXFileReference; lastKnownFileType = image.png; path = "aqi_map_point_level_3_8x8_@2x.png"; sourceTree = "<group>"; };
		3AE3BCB02071183A00B19778 /* aqi_map_point_level_2_8x8_@2x.png */ = {isa = PBXFileReference; lastKnownFileType = image.png; path = "aqi_map_point_level_2_8x8_@2x.png"; sourceTree = "<group>"; };
		3AE3BCB12071183A00B19778 /* aqi_map_point_level_5_8x8_@2x.png */ = {isa = PBXFileReference; lastKnownFileType = image.png; path = "aqi_map_point_level_5_8x8_@2x.png"; sourceTree = "<group>"; };
		3AE3BCB22071183A00B19778 /* aqi_map_point_level_1_8x8_@2x.png */ = {isa = PBXFileReference; lastKnownFileType = image.png; path = "aqi_map_point_level_1_8x8_@2x.png"; sourceTree = "<group>"; };
		3AE3BCB32071183A00B19778 /* aqi_map_point_level_6_8x8_@2x.png */ = {isa = PBXFileReference; lastKnownFileType = image.png; path = "aqi_map_point_level_6_8x8_@2x.png"; sourceTree = "<group>"; };
		47ADF63EF80F43AC3A6CE7C7 /* Pods-PM25Map.release.xcconfig */ = {isa = PBXFileReference; includeInIndex = 1; lastKnownFileType = text.xcconfig; name = "Pods-PM25Map.release.xcconfig"; path = "Pods/Target Support Files/Pods-PM25Map/Pods-PM25Map.release.xcconfig"; sourceTree = "<group>"; };
		68BB02106B500DBFF66E38BB /* Pods-PM25Map.debug.xcconfig */ = {isa = PBXFileReference; includeInIndex = 1; lastKnownFileType = text.xcconfig; name = "Pods-PM25Map.debug.xcconfig"; path = "Pods/Target Support Files/Pods-PM25Map/Pods-PM25Map.debug.xcconfig"; sourceTree = "<group>"; };
		BC80B4F52AB378808D74D3A7 /* libPods-PM25Map.a */ = {isa = PBXFileReference; explicitFileType = archive.ar; includeInIndex = 0; path = "libPods-PM25Map.a"; sourceTree = BUILT_PRODUCTS_DIR; };
/* End PBXFileReference section */

/* Begin PBXFrameworksBuildPhase section */
		3A34B68F2070A3D300CC7056 /* Frameworks */ = {
			isa = PBXFrameworksBuildPhase;
			buildActionMask = 2147483647;
			files = (
				6D36224412DCED798F7016B5 /* libPods-PM25Map.a in Frameworks */,
			);
			runOnlyForDeploymentPostprocessing = 0;
		};
/* End PBXFrameworksBuildPhase section */

/* Begin PBXGroup section */
		3A34B6892070A3D300CC7056 = {
			isa = PBXGroup;
			children = (
				3A34B6942070A3D300CC7056 /* PM25Map */,
				3A34B6932070A3D300CC7056 /* Products */,
				69400DEB0B5930ABA4C5C0EB /* Pods */,
				A469FB9574ECE41CC90114C2 /* Frameworks */,
				2F34CE755B8DDD230919FAE0 /* aqi_map_level_4_30x27_@2x.png */,
				2F34C74FED3056FD4E5F5EB6 /* aqi_map_level_5_30x27_@2x.png */,
				2F34CD10B5014076615AB7EC /* aqi_map_level_1_30x27_@2x.png */,
				2F34CE635A0081712275EBAC /* aqi_map_level_2_30x27_@2x.png */,
				2F34CD1279B72DFC98144033 /* aqi_map_level_6_30x27_@2x.png */,
				2F34C1D939BD44E1BC4F7E9E /* aqi_map_level_3_30x27_@2x.png */,
				3AE3BCB22071183A00B19778 /* aqi_map_point_level_1_8x8_@2x.png */,
				3AE3BCB02071183A00B19778 /* aqi_map_point_level_2_8x8_@2x.png */,
				3AE3BCAF2071183A00B19778 /* aqi_map_point_level_3_8x8_@2x.png */,
				3AE3BCAE2071183900B19778 /* aqi_map_point_level_4_8x8_@2x.png */,
				3AE3BCB12071183A00B19778 /* aqi_map_point_level_5_8x8_@2x.png */,
				3AE3BCB32071183A00B19778 /* aqi_map_point_level_6_8x8_@2x.png */,
			);
			sourceTree = "<group>";
		};
		3A34B6932070A3D300CC7056 /* Products */ = {
			isa = PBXGroup;
			children = (
				3A34B6922070A3D300CC7056 /* PM25Map.app */,
			);
			name = Products;
			sourceTree = "<group>";
		};
		3A34B6942070A3D300CC7056 /* PM25Map */ = {
			isa = PBXGroup;
			children = (
				3AE3BCA72070E35100B19778 /* View */,
				3AE3BC8A2070C6D700B19778 /* Bean */,
				3A34B6952070A3D300CC7056 /* AppDelegate.h */,
				3A34B6962070A3D300CC7056 /* AppDelegate.m */,
				3A34B6982070A3D300CC7056 /* ViewController.h */,
				3A34B6992070A3D300CC7056 /* ViewController.m */,
				3A34B69B2070A3D300CC7056 /* Main.storyboard */,
				3A34B6A12070A3D300CC7056 /* Assets.xcassets */,
				3A34B6A32070A3D300CC7056 /* LaunchScreen.storyboard */,
				3A34B6A62070A3D300CC7056 /* Info.plist */,
				3A34B6A72070A3D300CC7056 /* main.m */,
				3A34B69E2070A3D300CC7056 /* PM25Map.xcdatamodeld */,
			);
			path = PM25Map;
			sourceTree = "<group>";
		};
		3AE3BC8A2070C6D700B19778 /* Bean */ = {
			isa = PBXGroup;
			children = (
				3AE3BC8E2070C6E600B19778 /* Data.h */,
				3AE3BC8C2070C6E600B19778 /* Data.m */,
				3AE3BC942070C6E700B19778 /* DataModels.h */,
				3AE3BC902070C6E600B19778 /* Monitors.h */,
				3AE3BC8D2070C6E600B19778 /* Monitors.m */,
				3AE3BC952070C6E700B19778 /* Pm25.h */,
				3AE3BC932070C6E600B19778 /* Pm25.m */,
				3AE3BC8F2070C6E600B19778 /* PM25Module.h */,
				3AE3BC912070C6E600B19778 /* PM25Module.m */,
				3AE3BC922070C6E600B19778 /* Pos.h */,
				3AE3BC8B2070C6E600B19778 /* Pos.m */,
			);
			path = Bean;
			sourceTree = "<group>";
		};
		3AE3BCA72070E35100B19778 /* View */ = {
			isa = PBXGroup;
			children = (
				3AE3BCA82070E37200B19778 /* PM25MAAnnotationView.h */,
				3AE3BCA92070E37200B19778 /* PM25MAAnnotationView.m */,
				3AE3BCAB2070E66300B19778 /* PM25MAPointAnnotation.h */,
				3AE3BCAC2070E66300B19778 /* PM25MAPointAnnotation.m */,
			);
			path = View;
			sourceTree = "<group>";
		};
		69400DEB0B5930ABA4C5C0EB /* Pods */ = {
			isa = PBXGroup;
			children = (
				68BB02106B500DBFF66E38BB /* Pods-PM25Map.debug.xcconfig */,
				47ADF63EF80F43AC3A6CE7C7 /* Pods-PM25Map.release.xcconfig */,
			);
			name = Pods;
			sourceTree = "<group>";
		};
		A469FB9574ECE41CC90114C2 /* Frameworks */ = {
			isa = PBXGroup;
			children = (
				BC80B4F52AB378808D74D3A7 /* libPods-PM25Map.a */,
			);
			name = Frameworks;
			sourceTree = "<group>";
		};
/* End PBXGroup section */

/* Begin PBXNativeTarget section */
		3A34B6912070A3D300CC7056 /* PM25Map */ = {
			isa = PBXNativeTarget;
			buildConfigurationList = 3A34B6AB2070A3D300CC7056 /* Build configuration list for PBXNativeTarget "PM25Map" */;
			buildPhases = (
				266DBB9AA1C5E5FA62074569 /* [CP] Check Pods Manifest.lock */,
				3A34B68E2070A3D300CC7056 /* Sources */,
				3A34B68F2070A3D300CC7056 /* Frameworks */,
				3A34B6902070A3D300CC7056 /* Resources */,
				4187A778B2F7A525D6B636CF /* [CP] Embed Pods Frameworks */,
				708C758A474774B58350C32B /* [CP] Copy Pods Resources */,
			);
			buildRules = (
			);
			dependencies = (
			);
			name = PM25Map;
			productName = PM25Map;
			productReference = 3A34B6922070A3D300CC7056 /* PM25Map.app */;
			productType = "com.apple.product-type.application";
		};
/* End PBXNativeTarget section */

/* Begin PBXProject section */
		3A34B68A2070A3D300CC7056 /* Project object */ = {
			isa = PBXProject;
			attributes = {
				LastUpgradeCheck = 0920;
				ORGANIZATIONNAME = andforce;
				TargetAttributes = {
					3A34B6912070A3D300CC7056 = {
						CreatedOnToolsVersion = 9.2;
						ProvisioningStyle = Automatic;
					};
				};
			};
			buildConfigurationList = 3A34B68D2070A3D300CC7056 /* Build configuration list for PBXProject "PM25Map" */;
			compatibilityVersion = "Xcode 8.0";
			developmentRegion = en;
			hasScannedForEncodings = 0;
			knownRegions = (
				en,
				Base,
			);
			mainGroup = 3A34B6892070A3D300CC7056;
			productRefGroup = 3A34B6932070A3D300CC7056 /* Products */;
			projectDirPath = "";
			projectRoot = "";
			targets = (
				3A34B6912070A3D300CC7056 /* PM25Map */,
			);
		};
/* End PBXProject section */

/* Begin PBXResourcesBuildPhase section */
		3A34B6902070A3D300CC7056 /* Resources */ = {
			isa = PBXResourcesBuildPhase;
			buildActionMask = 2147483647;
			files = (
				3A34B6A52070A3D300CC7056 /* LaunchScreen.storyboard in Resources */,
				3A34B6A22070A3D300CC7056 /* Assets.xcassets in Resources */,
				3AE3BCB72071183A00B19778 /* aqi_map_point_level_5_8x8_@2x.png in Resources */,
				3AE3BCB52071183A00B19778 /* aqi_map_point_level_3_8x8_@2x.png in Resources */,
				3A34B69D2070A3D300CC7056 /* Main.storyboard in Resources */,
				2F34C014B7B31CEF06A2E8A5 /* aqi_map_level_4_30x27_@2x.png in Resources */,
				2F34C9D884FE4B4816C8ACE5 /* aqi_map_level_5_30x27_@2x.png in Resources */,
				2F34CE678056BB03D7C3775F /* aqi_map_level_1_30x27_@2x.png in Resources */,
				3AE3BCB62071183A00B19778 /* aqi_map_point_level_2_8x8_@2x.png in Resources */,
				2F34CA7A25A9A17249EBB5FD /* aqi_map_level_2_30x27_@2x.png in Resources */,
				3AE3BCB82071183A00B19778 /* aqi_map_point_level_1_8x8_@2x.png in Resources */,
				2F34C432BD78D2B0CC7426F7 /* aqi_map_level_6_30x27_@2x.png in Resources */,
				2F34CAE4C0D98BA4CF439525 /* aqi_map_level_3_30x27_@2x.png in Resources */,
				3AE3BCB42071183A00B19778 /* aqi_map_point_level_4_8x8_@2x.png in Resources */,
				3AE3BCB92071183A00B19778 /* aqi_map_point_level_6_8x8_@2x.png in Resources */,
			);
			runOnlyForDeploymentPostprocessing = 0;
		};
/* End PBXResourcesBuildPhase section */

/* Begin PBXShellScriptBuildPhase section */
		266DBB9AA1C5E5FA62074569 /* [CP] Check Pods Manifest.lock */ = {
			isa = PBXShellScriptBuildPhase;
			buildActionMask = 2147483647;
			files = (
			);
			inputPaths = (
				"${PODS_PODFILE_DIR_PATH}/Podfile.lock",
				"${PODS_ROOT}/Manifest.lock",
			);
			name = "[CP] Check Pods Manifest.lock";
			outputPaths = (
				"$(DERIVED_FILE_DIR)/Pods-PM25Map-checkManifestLockResult.txt",
			);
			runOnlyForDeploymentPostprocessing = 0;
			shellPath = /bin/sh;
			shellScript = "diff \"${PODS_PODFILE_DIR_PATH}/Podfile.lock\" \"${PODS_ROOT}/Manifest.lock\" > /dev/null\nif [ $? != 0 ] ; then\n    # print error to STDERR\n    echo \"error: The sandbox is not in sync with the Podfile.lock. Run 'pod install' or update your CocoaPods installation.\" >&2\n    exit 1\nfi\n# This output is used by Xcode 'outputs' to avoid re-running this script phase.\necho \"SUCCESS\" > \"${SCRIPT_OUTPUT_FILE_0}\"\n";
			showEnvVarsInLog = 0;
		};
		4187A778B2F7A525D6B636CF /* [CP] Embed Pods Frameworks */ = {
			isa = PBXShellScriptBuildPhase;
			buildActionMask = 2147483647;
			files = (
			);
			inputPaths = (
			);
			name = "[CP] Embed Pods Frameworks";
			outputPaths = (
			);
			runOnlyForDeploymentPostprocessing = 0;
			shellPath = /bin/sh;
			shellScript = "\"${SRCROOT}/Pods/Target Support Files/Pods-PM25Map/Pods-PM25Map-frameworks.sh\"\n";
			showEnvVarsInLog = 0;
		};
		708C758A474774B58350C32B /* [CP] Copy Pods Resources */ = {
			isa = PBXShellScriptBuildPhase;
			buildActionMask = 2147483647;
			files = (
			);
			inputPaths = (
				"${SRCROOT}/Pods/Target Support Files/Pods-PM25Map/Pods-PM25Map-resources.sh",
				"${PODS_ROOT}/AMap3DMap/MAMapKit.framework/AMap.bundle",
				"${PODS_ROOT}/MJRefresh/MJRefresh/MJRefresh.bundle",
				"${PODS_ROOT}/SVProgressHUD/SVProgressHUD/SVProgressHUD.bundle",
			);
			name = "[CP] Copy Pods Resources";
			outputPaths = (
				"${TARGET_BUILD_DIR}/${UNLOCALIZED_RESOURCES_FOLDER_PATH}",
			);
			runOnlyForDeploymentPostprocessing = 0;
			shellPath = /bin/sh;
			shellScript = "\"${SRCROOT}/Pods/Target Support Files/Pods-PM25Map/Pods-PM25Map-resources.sh\"\n";
			showEnvVarsInLog = 0;
		};
/* End PBXShellScriptBuildPhase section */

/* Begin PBXSourcesBuildPhase section */
		3A34B68E2070A3D300CC7056 /* Sources */ = {
			isa = PBXSourcesBuildPhase;
			buildActionMask = 2147483647;
			files = (
				3A34B69A2070A3D300CC7056 /* ViewController.m in Sources */,
				3AE3BC9A2070C6E700B19778 /* Pm25.m in Sources */,
				3AE3BC992070C6E700B19778 /* PM25Module.m in Sources */,
				3AE3BCAD2070E66300B19778 /* PM25MAPointAnnotation.m in Sources */,
				3A34B6A02070A3D300CC7056 /* PM25Map.xcdatamodeld in Sources */,
				3AE3BC982070C6E700B19778 /* Monitors.m in Sources */,
				3AE3BCAA2070E37200B19778 /* PM25MAAnnotationView.m in Sources */,
				3AE3BC962070C6E700B19778 /* Pos.m in Sources */,
				3A34B6A82070A3D300CC7056 /* main.m in Sources */,
				3A34B6972070A3D300CC7056 /* AppDelegate.m in Sources */,
				3AE3BC972070C6E700B19778 /* Data.m in Sources */,
			);
			runOnlyForDeploymentPostprocessing = 0;
		};
/* End PBXSourcesBuildPhase section */

/* Begin PBXVariantGroup section */
		3A34B69B2070A3D300CC7056 /* Main.storyboard */ = {
			isa = PBXVariantGroup;
			children = (
				3A34B69C2070A3D300CC7056 /* Base */,
			);
			name = Main.storyboard;
			sourceTree = "<group>";
		};
		3A34B6A32070A3D300CC7056 /* LaunchScreen.storyboard */ = {
			isa = PBXVariantGroup;
			children = (
				3A34B6A42070A3D300CC7056 /* Base */,
			);
			name = LaunchScreen.storyboard;
			sourceTree = "<group>";
		};
/* End PBXVariantGroup section */

/* Begin XCBuildConfiguration section */
		3A34B6A92070A3D300CC7056 /* Debug */ = {
			isa = XCBuildConfiguration;
			buildSettings = {
				ALWAYS_SEARCH_USER_PATHS = NO;
				CLANG_ANALYZER_NONNULL = YES;
				CLANG_ANALYZER_NUMBER_OBJECT_CONVERSION = YES_AGGRESSIVE;
				CLANG_CXX_LANGUAGE_STANDARD = "gnu++14";
				CLANG_CXX_LIBRARY = "libc++";
				CLANG_ENABLE_MODULES = YES;
				CLANG_ENABLE_OBJC_ARC = YES;
				CLANG_WARN_BLOCK_CAPTURE_AUTORELEASING = YES;
				CLANG_WARN_BOOL_CONVERSION = YES;
				CLANG_WARN_COMMA = YES;
				CLANG_WARN_CONSTANT_CONVERSION = YES;
				CLANG_WARN_DIRECT_OBJC_ISA_USAGE = YES_ERROR;
				CLANG_WARN_DOCUMENTATION_COMMENTS = YES;
				CLANG_WARN_EMPTY_BODY = YES;
				CLANG_WARN_ENUM_CONVERSION = YES;
				CLANG_WARN_INFINITE_RECURSION = YES;
				CLANG_WARN_INT_CONVERSION = YES;
				CLANG_WARN_NON_LITERAL_NULL_CONVERSION = YES;
				CLANG_WARN_OBJC_LITERAL_CONVERSION = YES;
				CLANG_WARN_OBJC_ROOT_CLASS = YES_ERROR;
				CLANG_WARN_RANGE_LOOP_ANALYSIS = YES;
				CLANG_WARN_STRICT_PROTOTYPES = YES;
				CLANG_WARN_SUSPICIOUS_MOVE = YES;
				CLANG_WARN_UNGUARDED_AVAILABILITY = YES_AGGRESSIVE;
				CLANG_WARN_UNREACHABLE_CODE = YES;
				CLANG_WARN__DUPLICATE_METHOD_MATCH = YES;
				CODE_SIGN_IDENTITY = "iPhone Developer";
				COPY_PHASE_STRIP = NO;
				DEBUG_INFORMATION_FORMAT = dwarf;
				ENABLE_STRICT_OBJC_MSGSEND = YES;
				ENABLE_TESTABILITY = YES;
				GCC_C_LANGUAGE_STANDARD = gnu11;
				GCC_DYNAMIC_NO_PIC = NO;
				GCC_NO_COMMON_BLOCKS = YES;
				GCC_OPTIMIZATION_LEVEL = 0;
				GCC_PREPROCESSOR_DEFINITIONS = (
					"DEBUG=1",
					"$(inherited)",
				);
				GCC_WARN_64_TO_32_BIT_CONVERSION = YES;
				GCC_WARN_ABOUT_RETURN_TYPE = YES_ERROR;
				GCC_WARN_UNDECLARED_SELECTOR = YES;
				GCC_WARN_UNINITIALIZED_AUTOS = YES_AGGRESSIVE;
				GCC_WARN_UNUSED_FUNCTION = YES;
				GCC_WARN_UNUSED_VARIABLE = YES;
				IPHONEOS_DEPLOYMENT_TARGET = 11.2;
				MTL_ENABLE_DEBUG_INFO = YES;
				ONLY_ACTIVE_ARCH = YES;
				SDKROOT = iphoneos;
			};
			name = Debug;
		};
		3A34B6AA2070A3D300CC7056 /* Release */ = {
			isa = XCBuildConfiguration;
			buildSettings = {
				ALWAYS_SEARCH_USER_PATHS = NO;
				CLANG_ANALYZER_NONNULL = YES;
				CLANG_ANALYZER_NUMBER_OBJECT_CONVERSION = YES_AGGRESSIVE;
				CLANG_CXX_LANGUAGE_STANDARD = "gnu++14";
				CLANG_CXX_LIBRARY = "libc++";
				CLANG_ENABLE_MODULES = YES;
				CLANG_ENABLE_OBJC_ARC = YES;
				CLANG_WARN_BLOCK_CAPTURE_AUTORELEASING = YES;
				CLANG_WARN_BOOL_CONVERSION = YES;
				CLANG_WARN_COMMA = YES;
				CLANG_WARN_CONSTANT_CONVERSION = YES;
				CLANG_WARN_DIRECT_OBJC_ISA_USAGE = YES_ERROR;
				CLANG_WARN_DOCUMENTATION_COMMENTS = YES;
				CLANG_WARN_EMPTY_BODY = YES;
				CLANG_WARN_ENUM_CONVERSION = YES;
				CLANG_WARN_INFINITE_RECURSION = YES;
				CLANG_WARN_INT_CONVERSION = YES;
				CLANG_WARN_NON_LITERAL_NULL_CONVERSION = YES;
				CLANG_WARN_OBJC_LITERAL_CONVERSION = YES;
				CLANG_WARN_OBJC_ROOT_CLASS = YES_ERROR;
				CLANG_WARN_RANGE_LOOP_ANALYSIS = YES;
				CLANG_WARN_STRICT_PROTOTYPES = YES;
				CLANG_WARN_SUSPICIOUS_MOVE = YES;
				CLANG_WARN_UNGUARDED_AVAILABILITY = YES_AGGRESSIVE;
				CLANG_WARN_UNREACHABLE_CODE = YES;
				CLANG_WARN__DUPLICATE_METHOD_MATCH = YES;
				CODE_SIGN_IDENTITY = "iPhone Developer";
				COPY_PHASE_STRIP = NO;
				DEBUG_INFORMATION_FORMAT = "dwarf-with-dsym";
				ENABLE_NS_ASSERTIONS = NO;
				ENABLE_STRICT_OBJC_MSGSEND = YES;
				GCC_C_LANGUAGE_STANDARD = gnu11;
				GCC_NO_COMMON_BLOCKS = YES;
				GCC_WARN_64_TO_32_BIT_CONVERSION = YES;
				GCC_WARN_ABOUT_RETURN_TYPE = YES_ERROR;
				GCC_WARN_UNDECLARED_SELECTOR = YES;
				GCC_WARN_UNINITIALIZED_AUTOS = YES_AGGRESSIVE;
				GCC_WARN_UNUSED_FUNCTION = YES;
				GCC_WARN_UNUSED_VARIABLE = YES;
				IPHONEOS_DEPLOYMENT_TARGET = 11.2;
				MTL_ENABLE_DEBUG_INFO = NO;
				SDKROOT = iphoneos;
				VALIDATE_PRODUCT = YES;
			};
			name = Release;
		};
		3A34B6AC2070A3D300CC7056 /* Debug */ = {
			isa = XCBuildConfiguration;
			baseConfigurationReference = 68BB02106B500DBFF66E38BB /* Pods-PM25Map.debug.xcconfig */;
			buildSettings = {
				ASSETCATALOG_COMPILER_APPICON_NAME = AppIcon;
				CODE_SIGN_STYLE = Automatic;
				DEVELOPMENT_TEAM = NRHHX365ZN;
				INFOPLIST_FILE = PM25Map/Info.plist;
				IPHONEOS_DEPLOYMENT_TARGET = 9.0;
				LD_RUNPATH_SEARCH_PATHS = "$(inherited) @executable_path/Frameworks";
				PRODUCT_BUNDLE_IDENTIFIER = com.andforce.PM25Map;
				PRODUCT_NAME = "$(TARGET_NAME)";
				TARGETED_DEVICE_FAMILY = "1,2";
			};
			name = Debug;
		};
		3A34B6AD2070A3D300CC7056 /* Release */ = {
			isa = XCBuildConfiguration;
			baseConfigurationReference = 47ADF63EF80F43AC3A6CE7C7 /* Pods-PM25Map.release.xcconfig */;
			buildSettings = {
				ASSETCATALOG_COMPILER_APPICON_NAME = AppIcon;
				CODE_SIGN_STYLE = Automatic;
				DEVELOPMENT_TEAM = NRHHX365ZN;
				INFOPLIST_FILE = PM25Map/Info.plist;
				IPHONEOS_DEPLOYMENT_TARGET = 9.0;
				LD_RUNPATH_SEARCH_PATHS = "$(inherited) @executable_path/Frameworks";
				PRODUCT_BUNDLE_IDENTIFIER = com.andforce.PM25Map;
				PRODUCT_NAME = "$(TARGET_NAME)";
				TARGETED_DEVICE_FAMILY = "1,2";
			};
			name = Release;
		};
/* End XCBuildConfiguration section */

/* Begin XCConfigurationList section */
		3A34B68D2070A3D300CC7056 /* Build configuration list for PBXProject "PM25Map" */ = {
			isa = XCConfigurationList;
			buildConfigurations = (
				3A34B6A92070A3D300CC7056 /* Debug */,
				3A34B6AA2070A3D300CC7056 /* Release */,
			);
			defaultConfigurationIsVisible = 0;
			defaultConfigurationName = Release;
		};
		3A34B6AB2070A3D300CC7056 /* Build configuration list for PBXNativeTarget "PM25Map" */ = {
			isa = XCConfigurationList;
			buildConfigurations = (
				3A34B6AC2070A3D300CC7056 /* Debug */,
				3A34B6AD2070A3D300CC7056 /* Release */,
			);
			defaultConfigurationIsVisible = 0;
			defaultConfigurationName = Release;
		};
/* End XCConfigurationList section */

/* Begin XCVersionGroup section */
		3A34B69E2070A3D300CC7056 /* PM25Map.xcdatamodeld */ = {
			isa = XCVersionGroup;
			children = (
				3A34B69F2070A3D300CC7056 /* PM25Map.xcdatamodel */,
			);
			currentVersion = 3A34B69F2070A3D300CC7056 /* PM25Map.xcdatamodel */;
			path = PM25Map.xcdatamodeld;
			sourceTree = "<group>";
			versionGroupType = wrapper.xcdatamodel;
		};
/* End XCVersionGroup section */
	};
	rootObject = 3A34B68A2070A3D300CC7056 /* Project object */;
}
